
Microsoft Visual Studio Solution File, Format Version 12.00
# Visual Studio Version 16
VisualStudioVersion = 16.0.31702.278
MinimumVisualStudioVersion = 10.0.40219.1
Project("{FAE04EC0-301F-11D3-BF4B-00C04F79EFBC}") = "OOPAndFiles", "OOPAndFiles\OOPAndFiles.csproj", "{C53FB7AE-3157-48CB-8949-932883AEB06E}"
EndProject
Project("{FAE04EC0-301F-11D3-BF4B-00C04F79EFBC}") = "Frozen", "Frozen\Frozen.csproj", "{9A1805A8-0033-4810-9A26-1AED1CE4C661}"
EndProject
Global
	GlobalSection(SolutionConfigurationPlatforms) = preSolution
		Debug|Any CPU = Debug|Any CPU
		Release|Any CPU = Release|Any CPU
	EndGlobalSection
	GlobalSection(ProjectConfigurationPlatforms) = postSolution
		{C53FB7AE-3157-48CB-8949-932883AEB06E}.Debug|Any CPU.ActiveCfg = Debug|Any CPU
		{C53FB7AE-3157-48CB-8949-932883AEB06E}.Debug|Any CPU.Build.0 = Debug|Any CPU
		{C53FB7AE-3157-48CB-8949-932883AEB06E}.Release|Any CPU.ActiveCfg = Release|Any CPU
		{C53FB7AE-3157-48CB-8949-932883AEB06E}.Release|Any CPU.Build.0 = Release|Any CPU
		{9A1805A8-0033-4810-9A26-1AED1CE4C661}.Debug|Any CPU.ActiveCfg = Debug|Any CPU
		{9A1805A8-0033-4810-9A26-1AED1CE4C661}.Debug|Any CPU.Build.0 = Debug|Any CPU
		{9A1805A8-0033-4810-9A26-1AED1CE4C661}.Release|Any CPU.ActiveCfg = Release|Any CPU
		{9A1805A8-0033-4810-9A26-1AED1CE4C661}.Release|Any CPU.Build.0 = Release|Any CPU
	EndGlobalSection
	GlobalSection(SolutionProperties) = preSolution
		HideSolutionNode = FALSE
	EndGlobalSection
	GlobalSection(ExtensibilityGlobals) = postSolution
		SolutionGuid = {E9B9E0B2-E23C-4B74-B9FD-72BFE2CC3705}
	EndGlobalSection
EndGlobal
